<?xml version="1.0" encoding="utf-8"?>
<Project ToolsVersion="4.0" xmlns="http://schemas.microsoft.com/developer/msbuild/2003">
  <ItemGroup>
    <Filter Include="源文件">
      <UniqueIdentifier>{4FC737F1-C7A5-4376-A066-2A32D752A2FF}</UniqueIdentifier>
      <Extensions>cpp;c;cc;cxx;def;odl;idl;hpj;bat;asm;asmx</Extensions>
    </Filter>
    <Filter Include="头文件">
      <UniqueIdentifier>{93995380-89BD-4b04-88EB-625FBE52EBFB}</UniqueIdentifier>
      <Extensions>h;hh;hpp;hxx;hm;inl;inc;ipp;xsd</Extensions>
    </Filter>
    <Filter Include="资源文件">
      <UniqueIdentifier>{67DA6AB6-F800-4c08-8B7A-83BB121AAD01}</UniqueIdentifier>
      <Extensions>rc;ico;cur;bmp;dlg;rc2;rct;bin;rgs;gif;jpg;jpeg;jpe;resx;tiff;tif;png;wav;mfcribbon-ms</Extensions>
    </Filter>
    <Filter Include="Win32摄像头获取">
      <UniqueIdentifier>{5140cf9f-18dc-48ff-930a-145ef92937af}</UniqueIdentifier>
    </Filter>
    <Filter Include="SDL2渲染">
      <UniqueIdentifier>{84f3318a-7fa5-4ac3-8611-1a3416da98ec}</UniqueIdentifier>
    </Filter>
    <Filter Include="中间转换">
      <UniqueIdentifier>{23a97aa4-95c3-449e-abd3-7cfa5f5e394b}</UniqueIdentifier>
    </Filter>
    <Filter Include="渲染器">
      <UniqueIdentifier>{c5627ace-530e-4fb5-892e-cef4f0cccf33}</UniqueIdentifier>
    </Filter>
    <Filter Include="瞎玩">
      <UniqueIdentifier>{e7275314-3e17-4de9-abc4-adbe9389a32b}</UniqueIdentifier>
    </Filter>
    <Filter Include="核心编码部分">
      <UniqueIdentifier>{e693a87b-29fe-4ac9-8b71-a91f3eb4b9cc}</UniqueIdentifier>
    </Filter>
  </ItemGroup>
  <ItemGroup>
    <ClInclude Include="pch.h">
      <Filter>头文件</Filter>
    </ClInclude>
    <ClInclude Include="resource.h">
      <Filter>头文件</Filter>
    </ClInclude>
    <ClInclude Include="Driver\Driver.h">
      <Filter>Win32摄像头获取</Filter>
    </ClInclude>
    <ClInclude Include="Sdlrender\SDLManage.h">
      <Filter>SDL2渲染</Filter>
    </ClInclude>
    <ClInclude Include="Sdlrender\YUVRender.h">
      <Filter>渲染器</Filter>
    </ClInclude>
    <ClInclude Include="Sdlrender\RGBRender.h">
      <Filter>渲染器</Filter>
    </ClInclude>
    <ClInclude Include="Sdlrender\OtherRender.h">
      <Filter>渲染器</Filter>
    </ClInclude>
    <ClInclude Include="Util\PixFmtConnect.h">
      <Filter>中间转换</Filter>
    </ClInclude>
    <ClInclude Include="Util\Threadpoolh.h">
      <Filter>瞎玩</Filter>
    </ClInclude>
    <ClInclude Include="Coder\VideoDeCoder.h">
      <Filter>核心编码部分</Filter>
    </ClInclude>
    <ClInclude Include="Coder\TranslateVideo.h">
      <Filter>核心编码部分</Filter>
    </ClInclude>
    <ClInclude Include="Coder\TranslateAudio.h">
      <Filter>核心编码部分</Filter>
    </ClInclude>
    <ClInclude Include="Coder\SaveToFile.h">
      <Filter>中间转换</Filter>
    </ClInclude>
  </ItemGroup>
  <ItemGroup>
    <ClCompile Include="pch.cpp">
      <Filter>源文件</Filter>
    </ClCompile>
    <ClCompile Include="camer.cpp">
      <Filter>源文件</Filter>
    </ClCompile>
    <ClCompile Include="Driver\Driver.cpp">
      <Filter>Win32摄像头获取</Filter>
    </ClCompile>
    <ClCompile Include="Sdlrender\SDLManage.cpp">
      <Filter>SDL2渲染</Filter>
    </ClCompile>
    <ClCompile Include="Sdlrender\YUVRender.cpp">
      <Filter>渲染器</Filter>
    </ClCompile>
    <ClCompile Include="Sdlrender\RGBRender.cpp">
      <Filter>渲染器</Filter>
    </ClCompile>
    <ClCompile Include="Sdlrender\OtherRender.cpp">
      <Filter>渲染器</Filter>
    </ClCompile>
    <ClCompile Include="Util\PixFmtConnect.cpp">
      <Filter>中间转换</Filter>
    </ClCompile>
    <ClCompile Include="Util\Threadpoolh.cpp">
      <Filter>瞎玩</Filter>
    </ClCompile>
    <ClCompile Include="Coder\VideoDeCoder.cpp">
      <Filter>核心编码部分</Filter>
    </ClCompile>
    <ClCompile Include="Coder\TranslateAudio.cpp">
      <Filter>核心编码部分</Filter>
    </ClCompile>
    <ClCompile Include="Coder\TranslateVideo.cpp">
      <Filter>核心编码部分</Filter>
    </ClCompile>
    <ClCompile Include="Coder\SaveToFile.cpp">
      <Filter>中间转换</Filter>
    </ClCompile>
  </ItemGroup>
  <ItemGroup>
    <ResourceCompile Include="camer.rc">
      <Filter>资源文件</Filter>
    </ResourceCompile>
  </ItemGroup>
</Project>